github.com/localvar/zhuyin v0.0.0-20190929024715-20324b23ad5c h1:hi0KQSSwF9OvRROiEZTC5zGF3vXG8zqTSgZInDKMzzs=
github.com/localvar/zhuyin v0.0.0-20190929024715-20324b23ad5c/go.mod h1:qnZ0HoitFTJPQXzCfAB8KjiGIACFwkgwkGkaPw76Zzs=
github.com/mozillazg/go-pinyin v0.18.0 h1:hQompXO23/0ohH8YNjvfsAITnCQImCiR/Fny8EhIeW0=
github.com/mozillazg/go-pinyin v0.18.0/go.mod h1:iR4EnMMRXkfpFVV5FMi4FNB6wGq9NV6uDWbUuPhP4Yc=
